
Microsoft Visual Studio Solution File, Format Version 12.00
# Visual Studio Version 17
VisualStudioVersion = 17.5.002.0
MinimumVisualStudioVersion = 10.0.40219.1
Project("{9A19103F-16F7-4668-BE54-9A1E7A4F7556}") = "filling-bookcase-shelves", "filling-bookcase-shelves.csproj", "{3B2EC9B9-511E-49BE-A11E-49E9A1865666}"
EndProject
Global
	GlobalSection(SolutionConfigurationPlatforms) = preSolution
		Debug|Any CPU = Debug|Any CPU
		Release|Any CPU = Release|Any CPU
	EndGlobalSection
	GlobalSection(ProjectConfigurationPlatforms) = postSolution
		{3B2EC9B9-511E-49BE-A11E-49E9A1865666}.Debug|Any CPU.ActiveCfg = Debug|Any CPU
		{3B2EC9B9-511E-49BE-A11E-49E9A1865666}.Debug|Any CPU.Build.0 = Debug|Any CPU
		{3B2EC9B9-511E-49BE-A11E-49E9A1865666}.Release|Any CPU.ActiveCfg = Release|Any CPU
		{3B2EC9B9-511E-49BE-A11E-49E9A1865666}.Release|Any CPU.Build.0 = Release|Any CPU
	EndGlobalSection
	GlobalSection(SolutionProperties) = preSolution
		HideSolutionNode = FALSE
	EndGlobalSection
	GlobalSection(ExtensibilityGlobals) = postSolution
		SolutionGuid = {B256E812-26C9-4AF5-B94F-951016110444}
	EndGlobalSection
EndGlobal
